
Microsoft Visual Studio Solution File, Format Version 12.00
# Visual Studio Version 16
VisualStudioVersion = 16.0.29318.209
MinimumVisualStudioVersion = 10.0.40219.1
Project("{9A19103F-16F7-4668-BE54-9A1E7A4F7556}") = "Consumer.Api", "Consumer.Api\Consumer.Api.csproj", "{BFF9FE8A-D693-4512-A7C9-9D0798930D15}"
EndProject
Project("{9A19103F-16F7-4668-BE54-9A1E7A4F7556}") = "Consumer.Application", "Consumer.Application\Consumer.Application.csproj", "{A87C0904-378C-49D4-97B8-4B4181DC610B}"
EndProject
Project("{FAE04EC0-301F-11D3-BF4B-00C04F79EFBC}") = "Consumer.Domain", "Consumer.Domain\Consumer.Domain.csproj", "{E397C109-163B-48DC-850C-CACC5210A3C2}"
EndProject
Project("{FAE04EC0-301F-11D3-BF4B-00C04F79EFBC}") = "Consumer.Infrastructure", "Consumer.Infrastructure\Consumer.Infrastructure.csproj", "{F521A233-2849-428A-8D87-48723D57FFA4}"
EndProject
Global
	GlobalSection(SolutionConfigurationPlatforms) = preSolution
		Debug|Any CPU = Debug|Any CPU
		Release|Any CPU = Release|Any CPU
	EndGlobalSection
	GlobalSection(ProjectConfigurationPlatforms) = postSolution
		{BFF9FE8A-D693-4512-A7C9-9D0798930D15}.Debug|Any CPU.ActiveCfg = Debug|Any CPU
		{BFF9FE8A-D693-4512-A7C9-9D0798930D15}.Debug|Any CPU.Build.0 = Debug|Any CPU
		{BFF9FE8A-D693-4512-A7C9-9D0798930D15}.Release|Any CPU.ActiveCfg = Release|Any CPU
		{BFF9FE8A-D693-4512-A7C9-9D0798930D15}.Release|Any CPU.Build.0 = Release|Any CPU
		{A87C0904-378C-49D4-97B8-4B4181DC610B}.Debug|Any CPU.ActiveCfg = Debug|Any CPU
		{A87C0904-378C-49D4-97B8-4B4181DC610B}.Debug|Any CPU.Build.0 = Debug|Any CPU
		{A87C0904-378C-49D4-97B8-4B4181DC610B}.Release|Any CPU.ActiveCfg = Release|Any CPU
		{A87C0904-378C-49D4-97B8-4B4181DC610B}.Release|Any CPU.Build.0 = Release|Any CPU
		{E397C109-163B-48DC-850C-CACC5210A3C2}.Debug|Any CPU.ActiveCfg = Debug|Any CPU
		{E397C109-163B-48DC-850C-CACC5210A3C2}.Debug|Any CPU.Build.0 = Debug|Any CPU
		{E397C109-163B-48DC-850C-CACC5210A3C2}.Release|Any CPU.ActiveCfg = Release|Any CPU
		{E397C109-163B-48DC-850C-CACC5210A3C2}.Release|Any CPU.Build.0 = Release|Any CPU
		{F521A233-2849-428A-8D87-48723D57FFA4}.Debug|Any CPU.ActiveCfg = Debug|Any CPU
		{F521A233-2849-428A-8D87-48723D57FFA4}.Debug|Any CPU.Build.0 = Debug|Any CPU
		{F521A233-2849-428A-8D87-48723D57FFA4}.Release|Any CPU.ActiveCfg = Release|Any CPU
		{F521A233-2849-428A-8D87-48723D57FFA4}.Release|Any CPU.Build.0 = Release|Any CPU
	EndGlobalSection
	GlobalSection(SolutionProperties) = preSolution
		HideSolutionNode = FALSE
	EndGlobalSection
	GlobalSection(ExtensibilityGlobals) = postSolution
		SolutionGuid = {EF16332A-D37A-44B6-B858-8D89DE4CB7C7}
	EndGlobalSection
EndGlobal
