
Microsoft Visual Studio Solution File, Format Version 12.00
# Visual Studio Version 16
VisualStudioVersion = 16.0.29318.209
MinimumVisualStudioVersion = 10.0.40219.1
Project("{9A19103F-16F7-4668-BE54-9A1E7A4F7556}") = "Provider.Api", "Provider.Api\Provider.Api.csproj", "{A8B7A9EC-B6D9-475B-902C-F1D5E43C8280}"
EndProject
Project("{9A19103F-16F7-4668-BE54-9A1E7A4F7556}") = "Provider.Application", "Provider.Application\Provider.Application.csproj", "{A5274CD7-4B03-4E87-AFD1-AED4A94712C8}"
EndProject
Project("{FAE04EC0-301F-11D3-BF4B-00C04F79EFBC}") = "Provider.Domain", "Provider.Domain\Provider.Domain.csproj", "{1B0C7892-139A-4012-AA67-5CFFE94F47CE}"
EndProject
Project("{FAE04EC0-301F-11D3-BF4B-00C04F79EFBC}") = "Provider.Infrastructure", "Provider.Infrastructure\Provider.Infrastructure.csproj", "{462E867F-CD35-4A35-AE95-57E8414C0C2D}"
EndProject
Global
	GlobalSection(SolutionConfigurationPlatforms) = preSolution
		Debug|Any CPU = Debug|Any CPU
		Release|Any CPU = Release|Any CPU
	EndGlobalSection
	GlobalSection(ProjectConfigurationPlatforms) = postSolution
		{A8B7A9EC-B6D9-475B-902C-F1D5E43C8280}.Debug|Any CPU.ActiveCfg = Debug|Any CPU
		{A8B7A9EC-B6D9-475B-902C-F1D5E43C8280}.Debug|Any CPU.Build.0 = Debug|Any CPU
		{A8B7A9EC-B6D9-475B-902C-F1D5E43C8280}.Release|Any CPU.ActiveCfg = Release|Any CPU
		{A8B7A9EC-B6D9-475B-902C-F1D5E43C8280}.Release|Any CPU.Build.0 = Release|Any CPU
		{A5274CD7-4B03-4E87-AFD1-AED4A94712C8}.Debug|Any CPU.ActiveCfg = Debug|Any CPU
		{A5274CD7-4B03-4E87-AFD1-AED4A94712C8}.Debug|Any CPU.Build.0 = Debug|Any CPU
		{A5274CD7-4B03-4E87-AFD1-AED4A94712C8}.Release|Any CPU.ActiveCfg = Release|Any CPU
		{A5274CD7-4B03-4E87-AFD1-AED4A94712C8}.Release|Any CPU.Build.0 = Release|Any CPU
		{1B0C7892-139A-4012-AA67-5CFFE94F47CE}.Debug|Any CPU.ActiveCfg = Debug|Any CPU
		{1B0C7892-139A-4012-AA67-5CFFE94F47CE}.Debug|Any CPU.Build.0 = Debug|Any CPU
		{1B0C7892-139A-4012-AA67-5CFFE94F47CE}.Release|Any CPU.ActiveCfg = Release|Any CPU
		{1B0C7892-139A-4012-AA67-5CFFE94F47CE}.Release|Any CPU.Build.0 = Release|Any CPU
		{462E867F-CD35-4A35-AE95-57E8414C0C2D}.Debug|Any CPU.ActiveCfg = Debug|Any CPU
		{462E867F-CD35-4A35-AE95-57E8414C0C2D}.Debug|Any CPU.Build.0 = Debug|Any CPU
		{462E867F-CD35-4A35-AE95-57E8414C0C2D}.Release|Any CPU.ActiveCfg = Release|Any CPU
		{462E867F-CD35-4A35-AE95-57E8414C0C2D}.Release|Any CPU.Build.0 = Release|Any CPU
	EndGlobalSection
	GlobalSection(SolutionProperties) = preSolution
		HideSolutionNode = FALSE
	EndGlobalSection
	GlobalSection(ExtensibilityGlobals) = postSolution
		SolutionGuid = {6F95244B-2DEF-4597-97C2-F27FE6660FF8}
	EndGlobalSection
EndGlobal
